
Microsoft Visual Studio Solution File, Format Version 12.00
# Visual Studio Version 16
VisualStudioVersion = 16.0.30204.135
MinimumVisualStudioVersion = 10.0.40219.1
Project("{FAE04EC0-301F-11D3-BF4B-00C04F79EFBC}") = "TwitterAutoMailActivator.Test", "TwitterAutoMailActivator.Test\TwitterAutoMailActivator.Test.csproj", "{C40F6265-F541-4C10-A665-05CFE3F690A5}"
EndProject
Project("{FAE04EC0-301F-11D3-BF4B-00C04F79EFBC}") = "TwitterAutoMailActivator", "TwitterAutoMailActivator\TwitterAutoMailActivator.csproj", "{B8126397-BAF7-4757-BC8F-ABF2127B769C}"
EndProject
Global
	GlobalSection(SolutionConfigurationPlatforms) = preSolution
		Debug|Any CPU = Debug|Any CPU
		Release|Any CPU = Release|Any CPU
	EndGlobalSection
	GlobalSection(ProjectConfigurationPlatforms) = postSolution
		{C40F6265-F541-4C10-A665-05CFE3F690A5}.Debug|Any CPU.ActiveCfg = Debug|Any CPU
		{C40F6265-F541-4C10-A665-05CFE3F690A5}.Debug|Any CPU.Build.0 = Debug|Any CPU
		{C40F6265-F541-4C10-A665-05CFE3F690A5}.Release|Any CPU.ActiveCfg = Release|Any CPU
		{C40F6265-F541-4C10-A665-05CFE3F690A5}.Release|Any CPU.Build.0 = Release|Any CPU
		{B8126397-BAF7-4757-BC8F-ABF2127B769C}.Debug|Any CPU.ActiveCfg = Debug|Any CPU
		{B8126397-BAF7-4757-BC8F-ABF2127B769C}.Debug|Any CPU.Build.0 = Debug|Any CPU
		{B8126397-BAF7-4757-BC8F-ABF2127B769C}.Release|Any CPU.ActiveCfg = Release|Any CPU
		{B8126397-BAF7-4757-BC8F-ABF2127B769C}.Release|Any CPU.Build.0 = Release|Any CPU
	EndGlobalSection
	GlobalSection(SolutionProperties) = preSolution
		HideSolutionNode = FALSE
	EndGlobalSection
	GlobalSection(ExtensibilityGlobals) = postSolution
		SolutionGuid = {18D6F917-8D63-4890-839C-EA68C2A4A0EB}
	EndGlobalSection
EndGlobal
